
Microsoft Visual Studio Solution File, Format Version 12.00
# Visual Studio Version 16
VisualStudioVersion = 16.0.30804.86
MinimumVisualStudioVersion = 10.0.40219.1
Project("{9A19103F-16F7-4668-BE54-9A1E7A4F7556}") = "KampIntro", "KampIntro\KampIntro.csproj", "{D194AE4F-E4F7-4C60-9EF6-10FE16163EEB}"
EndProject
Project("{9A19103F-16F7-4668-BE54-9A1E7A4F7556}") = "metodlar", "metodlar\metodlar.csproj", "{EEE04609-3A4E-40A2-9161-11C962F9CE4B}"
EndProject
Project("{9A19103F-16F7-4668-BE54-9A1E7A4F7556}") = "Matematik", "Matematik\Matematik.csproj", "{CAE8D43A-69F5-4A54-970F-C67778938D43}"
EndProject
Project("{9A19103F-16F7-4668-BE54-9A1E7A4F7556}") = "DegerVeReferansTıpler", "DegerVeReferansTıpler\DegerVeReferansTıpler.csproj", "{BEC49FD1-BFCE-4B17-BB23-9799BB38CA9F}"
EndProject
Project("{9A19103F-16F7-4668-BE54-9A1E7A4F7556}") = "OOP1", "..\..\..\OneDrive\Masaüstü\melisa\OOP1\OOP1.csproj", "{5B1D639C-FD7F-4308-A16F-EE8132E3DB4D}"
EndProject
Project("{FAE04EC0-301F-11D3-BF4B-00C04F79EFBC}") = "Koleksiyonlar", "Koleksiyonlar\Koleksiyonlar.csproj", "{1129050F-2A39-4B03-BD7E-5EF45AB0B83B}"
EndProject
Project("{FAE04EC0-301F-11D3-BF4B-00C04F79EFBC}") = "GenericsIntro", "GenericsIntro\GenericsIntro.csproj", "{6F01BFAE-B3FE-41EF-A8CB-337A9B4D89A2}"
EndProject
Global
	GlobalSection(SolutionConfigurationPlatforms) = preSolution
		Debug|Any CPU = Debug|Any CPU
		Release|Any CPU = Release|Any CPU
	EndGlobalSection
	GlobalSection(ProjectConfigurationPlatforms) = postSolution
		{D194AE4F-E4F7-4C60-9EF6-10FE16163EEB}.Debug|Any CPU.ActiveCfg = Debug|Any CPU
		{D194AE4F-E4F7-4C60-9EF6-10FE16163EEB}.Debug|Any CPU.Build.0 = Debug|Any CPU
		{D194AE4F-E4F7-4C60-9EF6-10FE16163EEB}.Release|Any CPU.ActiveCfg = Release|Any CPU
		{D194AE4F-E4F7-4C60-9EF6-10FE16163EEB}.Release|Any CPU.Build.0 = Release|Any CPU
		{EEE04609-3A4E-40A2-9161-11C962F9CE4B}.Debug|Any CPU.ActiveCfg = Debug|Any CPU
		{EEE04609-3A4E-40A2-9161-11C962F9CE4B}.Debug|Any CPU.Build.0 = Debug|Any CPU
		{EEE04609-3A4E-40A2-9161-11C962F9CE4B}.Release|Any CPU.ActiveCfg = Release|Any CPU
		{EEE04609-3A4E-40A2-9161-11C962F9CE4B}.Release|Any CPU.Build.0 = Release|Any CPU
		{CAE8D43A-69F5-4A54-970F-C67778938D43}.Debug|Any CPU.ActiveCfg = Debug|Any CPU
		{CAE8D43A-69F5-4A54-970F-C67778938D43}.Debug|Any CPU.Build.0 = Debug|Any CPU
		{CAE8D43A-69F5-4A54-970F-C67778938D43}.Release|Any CPU.ActiveCfg = Release|Any CPU
		{CAE8D43A-69F5-4A54-970F-C67778938D43}.Release|Any CPU.Build.0 = Release|Any CPU
		{BEC49FD1-BFCE-4B17-BB23-9799BB38CA9F}.Debug|Any CPU.ActiveCfg = Debug|Any CPU
		{BEC49FD1-BFCE-4B17-BB23-9799BB38CA9F}.Debug|Any CPU.Build.0 = Debug|Any CPU
		{BEC49FD1-BFCE-4B17-BB23-9799BB38CA9F}.Release|Any CPU.ActiveCfg = Release|Any CPU
		{BEC49FD1-BFCE-4B17-BB23-9799BB38CA9F}.Release|Any CPU.Build.0 = Release|Any CPU
		{5B1D639C-FD7F-4308-A16F-EE8132E3DB4D}.Debug|Any CPU.ActiveCfg = Debug|Any CPU
		{5B1D639C-FD7F-4308-A16F-EE8132E3DB4D}.Debug|Any CPU.Build.0 = Debug|Any CPU
		{5B1D639C-FD7F-4308-A16F-EE8132E3DB4D}.Release|Any CPU.ActiveCfg = Release|Any CPU
		{5B1D639C-FD7F-4308-A16F-EE8132E3DB4D}.Release|Any CPU.Build.0 = Release|Any CPU
		{1129050F-2A39-4B03-BD7E-5EF45AB0B83B}.Debug|Any CPU.ActiveCfg = Debug|Any CPU
		{1129050F-2A39-4B03-BD7E-5EF45AB0B83B}.Debug|Any CPU.Build.0 = Debug|Any CPU
		{1129050F-2A39-4B03-BD7E-5EF45AB0B83B}.Release|Any CPU.ActiveCfg = Release|Any CPU
		{1129050F-2A39-4B03-BD7E-5EF45AB0B83B}.Release|Any CPU.Build.0 = Release|Any CPU
		{6F01BFAE-B3FE-41EF-A8CB-337A9B4D89A2}.Debug|Any CPU.ActiveCfg = Debug|Any CPU
		{6F01BFAE-B3FE-41EF-A8CB-337A9B4D89A2}.Debug|Any CPU.Build.0 = Debug|Any CPU
		{6F01BFAE-B3FE-41EF-A8CB-337A9B4D89A2}.Release|Any CPU.ActiveCfg = Release|Any CPU
		{6F01BFAE-B3FE-41EF-A8CB-337A9B4D89A2}.Release|Any CPU.Build.0 = Release|Any CPU
	EndGlobalSection
	GlobalSection(SolutionProperties) = preSolution
		HideSolutionNode = FALSE
	EndGlobalSection
	GlobalSection(ExtensibilityGlobals) = postSolution
		SolutionGuid = {64CE904C-31D4-403B-81C5-02EF4CEFBB58}
	EndGlobalSection
EndGlobal
